// !$*UTF8*$!
{
	archiveVersion = 1;
	classes = {
	};
	objectVersion = 56;
	objects = {

/* Begin PBXBuildFile section */
		C00000000000000000000001 /* KitroomApp.swift in Sources */ = {isa = PBXBuildFile; fileRef = B00000000000000000000001 /* KitroomApp.swift */; };
		C00000000000000000000002 /* AppModel.swift in Sources */ = {isa = PBXBuildFile; fileRef = B00000000000000000000002 /* AppModel.swift */; };
		C00000000000000000000003 /* DashboardView.swift in Sources */ = {isa = PBXBuildFile; fileRef = B00000000000000000000003 /* DashboardView.swift */; };
		C00000000000000000000004 /* AppSection.swift in Sources */ = {isa = PBXBuildFile; fileRef = B00000000000000000000004 /* AppSection.swift */; };
		C00000000000000000000005 /* Assets.xcassets in Resources */ = {isa = PBXBuildFile; fileRef = B00000000000000000000005 /* Assets.xcassets */; };
		C00000000000000000000006 /* KitroomCore.framework in Frameworks */ = {isa = PBXBuildFile; fileRef = B00000000000000000000007 /* KitroomCore.framework */; };
		C00000000000000000000007 /* KitroomCore.framework in Embed Frameworks */ = {isa = PBXBuildFile; fileRef = B00000000000000000000007 /* KitroomCore.framework */; settings = {ATTRIBUTES = (CodeSignOnCopy, RemoveHeadersOnCopy, ); }; };
		C00000000000000000000008 /* AppDependencies.swift in Sources */ = {isa = PBXBuildFile; fileRef = B00000000000000000000008 /* AppDependencies.swift */; };
		C00000000000000000000010 /* AgentKind.swift in Sources */ = {isa = PBXBuildFile; fileRef = B00000000000000000000010 /* AgentKind.swift */; };
		C00000000000000000000012 /* ManagedHost.swift in Sources */ = {isa = PBXBuildFile; fileRef = B00000000000000000000012 /* ManagedHost.swift */; };
		C00000000000000000000013 /* InventorySnapshot.swift in Sources */ = {isa = PBXBuildFile; fileRef = B00000000000000000000013 /* InventorySnapshot.swift */; };
		C00000000000000000000014 /* OperationPlan.swift in Sources */ = {isa = PBXBuildFile; fileRef = B00000000000000000000014 /* OperationPlan.swift */; };
		C00000000000000000000015 /* AgentAdapter.swift in Sources */ = {isa = PBXBuildFile; fileRef = B00000000000000000000015 /* AgentAdapter.swift */; };
		C00000000000000000000016 /* ClaudeAdapter.swift in Sources */ = {isa = PBXBuildFile; fileRef = B00000000000000000000016 /* ClaudeAdapter.swift */; };
		C00000000000000000000017 /* CodexAdapter.swift in Sources */ = {isa = PBXBuildFile; fileRef = B00000000000000000000017 /* CodexAdapter.swift */; };
		C00000000000000000000018 /* HostConnectionFactory.swift in Sources */ = {isa = PBXBuildFile; fileRef = B00000000000000000000018 /* HostConnectionFactory.swift */; };
		C00000000000000000000019 /* HostSession.swift in Sources */ = {isa = PBXBuildFile; fileRef = B00000000000000000000019 /* HostSession.swift */; };
		C00000000000000000000020 /* OperationApproval.swift in Sources */ = {isa = PBXBuildFile; fileRef = B00000000000000000000020 /* OperationApproval.swift */; };
		C00000000000000000000021 /* AgentAdapterRegistry.swift in Sources */ = {isa = PBXBuildFile; fileRef = B00000000000000000000021 /* AgentAdapterRegistry.swift */; };
		C00000000000000000000022 /* KitroomClock.swift in Sources */ = {isa = PBXBuildFile; fileRef = B00000000000000000000022 /* KitroomClock.swift */; };
		C00000000000000000000023 /* KitroomPersistence.swift in Sources */ = {isa = PBXBuildFile; fileRef = B00000000000000000000023 /* KitroomPersistence.swift */; };
		C00000000000000000000024 /* KitroomLogging.swift in Sources */ = {isa = PBXBuildFile; fileRef = B00000000000000000000024 /* KitroomLogging.swift */; };
		C00000000000000000000025 /* OperationApprovalStore.swift in Sources */ = {isa = PBXBuildFile; fileRef = B00000000000000000000025 /* OperationApprovalStore.swift */; };
		C00000000000000000000026 /* ProcessExecutor.swift in Sources */ = {isa = PBXBuildFile; fileRef = B00000000000000000000026 /* ProcessExecutor.swift */; };
		C00000000000000000000027 /* HostDiscovery.swift in Sources */ = {isa = PBXBuildFile; fileRef = B00000000000000000000027 /* HostDiscovery.swift */; };
		C00000000000000000000028 /* HostDiscoveryService.swift in Sources */ = {isa = PBXBuildFile; fileRef = B00000000000000000000028 /* HostDiscoveryService.swift */; };
		C00000000000000000000029 /* LocalHostSession.swift in Sources */ = {isa = PBXBuildFile; fileRef = B00000000000000000000029 /* LocalHostSession.swift */; };
		C00000000000000000000030 /* RemoteCommandEncoder.swift in Sources */ = {isa = PBXBuildFile; fileRef = B00000000000000000000030 /* RemoteCommandEncoder.swift */; };
		C00000000000000000000031 /* SSHConfigurationResolver.swift in Sources */ = {isa = PBXBuildFile; fileRef = B00000000000000000000031 /* SSHConfigurationResolver.swift */; };
		C00000000000000000000032 /* SSHHostSession.swift in Sources */ = {isa = PBXBuildFile; fileRef = B00000000000000000000032 /* SSHHostSession.swift */; };
		C00000000000000000000033 /* AdapterCapabilityReport.swift in Sources */ = {isa = PBXBuildFile; fileRef = B00000000000000000000033 /* AdapterCapabilityReport.swift */; };
		C00000000000000000000034 /* ExtensionInventory.swift in Sources */ = {isa = PBXBuildFile; fileRef = B00000000000000000000034 /* ExtensionInventory.swift */; };
		C00000000000000000000035 /* InventorySupport.swift in Sources */ = {isa = PBXBuildFile; fileRef = B00000000000000000000035 /* InventorySupport.swift */; };
		C00000000000000000000036 /* ClaudeInventoryParser.swift in Sources */ = {isa = PBXBuildFile; fileRef = B00000000000000000000036 /* ClaudeInventoryParser.swift */; };
		C00000000000000000000037 /* ClaudeMCPConfigurationParser.swift in Sources */ = {isa = PBXBuildFile; fileRef = B00000000000000000000037 /* ClaudeMCPConfigurationParser.swift */; };
		C00000000000000000000038 /* CodexInventoryParser.swift in Sources */ = {isa = PBXBuildFile; fileRef = B00000000000000000000038 /* CodexInventoryParser.swift */; };
		C00000000000000000000039 /* InventoryProductView.swift in Sources */ = {isa = PBXBuildFile; fileRef = B00000000000000000000039 /* InventoryProductView.swift */; };
		C00000000000000000000040 /* InventoryPresentation.swift in Sources */ = {isa = PBXBuildFile; fileRef = B00000000000000000000040 /* InventoryPresentation.swift */; };
		C00000000000000000000041 /* SwiftDataKitroomPersistence.swift in Sources */ = {isa = PBXBuildFile; fileRef = B00000000000000000000041 /* SwiftDataKitroomPersistence.swift */; };
		C00000000000000000000042 /* DiagnosticReportBuilder.swift in Sources */ = {isa = PBXBuildFile; fileRef = B00000000000000000000042 /* DiagnosticReportBuilder.swift */; };
		C00000000000000000000043 /* CatalogueProductView.swift in Sources */ = {isa = PBXBuildFile; fileRef = B00000000000000000000043 /* CatalogueProductView.swift */; };
		C00000000000000000000044 /* CatalogueSnapshot.swift in Sources */ = {isa = PBXBuildFile; fileRef = B00000000000000000000044 /* CatalogueSnapshot.swift */; };
		C00000000000000000000045 /* HostComparison.swift in Sources */ = {isa = PBXBuildFile; fileRef = B00000000000000000000045 /* HostComparison.swift */; };
		C00000000000000000000046 /* CatalogueSupport.swift in Sources */ = {isa = PBXBuildFile; fileRef = B00000000000000000000046 /* CatalogueSupport.swift */; };
/* End PBXBuildFile section */

/* Begin PBXContainerItemProxy section */
		I00000000000000000000001 /* PBXContainerItemProxy */ = {
			isa = PBXContainerItemProxy;
			containerPortal = A00000000000000000000001 /* Project object */;
			proxyType = 1;
			remoteGlobalIDString = D00000000000000000000002;
			remoteInfo = KitroomCore;
		};
/* End PBXContainerItemProxy section */

/* Begin PBXCopyFilesBuildPhase section */
		E00000000000000000000006 /* Embed Frameworks */ = {
			isa = PBXCopyFilesBuildPhase;
			buildActionMask = 2147483647;
			dstPath = "";
			dstSubfolderSpec = 10;
			files = (
				C00000000000000000000007 /* KitroomCore.framework in Embed Frameworks */,
			);
			name = "Embed Frameworks";
			runOnlyForDeploymentPostprocessing = 0;
		};
/* End PBXCopyFilesBuildPhase section */

/* Begin PBXFileReference section */
		B00000000000000000000001 /* KitroomApp.swift */ = {isa = PBXFileReference; lastKnownFileType = sourcecode.swift; path = KitroomApp.swift; sourceTree = "<group>"; };
		B00000000000000000000002 /* AppModel.swift */ = {isa = PBXFileReference; lastKnownFileType = sourcecode.swift; path = AppModel.swift; sourceTree = "<group>"; };
		B00000000000000000000003 /* DashboardView.swift */ = {isa = PBXFileReference; lastKnownFileType = sourcecode.swift; path = DashboardView.swift; sourceTree = "<group>"; };
		B00000000000000000000004 /* AppSection.swift */ = {isa = PBXFileReference; lastKnownFileType = sourcecode.swift; path = AppSection.swift; sourceTree = "<group>"; };
		B00000000000000000000005 /* Assets.xcassets */ = {isa = PBXFileReference; lastKnownFileType = folder.assetcatalog; path = Resources/Assets.xcassets; sourceTree = "<group>"; };
		B00000000000000000000006 /* Kitroom.app */ = {isa = PBXFileReference; explicitFileType = wrapper.application; includeInIndex = 0; path = Kitroom.app; sourceTree = BUILT_PRODUCTS_DIR; };
		B00000000000000000000007 /* KitroomCore.framework */ = {isa = PBXFileReference; explicitFileType = wrapper.framework; includeInIndex = 0; path = KitroomCore.framework; sourceTree = BUILT_PRODUCTS_DIR; };
		B00000000000000000000008 /* AppDependencies.swift */ = {isa = PBXFileReference; lastKnownFileType = sourcecode.swift; path = AppDependencies.swift; sourceTree = "<group>"; };
		B00000000000000000000010 /* AgentKind.swift */ = {isa = PBXFileReference; lastKnownFileType = sourcecode.swift; path = AgentKind.swift; sourceTree = "<group>"; };
		B00000000000000000000012 /* ManagedHost.swift */ = {isa = PBXFileReference; lastKnownFileType = sourcecode.swift; path = ManagedHost.swift; sourceTree = "<group>"; };
		B00000000000000000000013 /* InventorySnapshot.swift */ = {isa = PBXFileReference; lastKnownFileType = sourcecode.swift; path = InventorySnapshot.swift; sourceTree = "<group>"; };
		B00000000000000000000014 /* OperationPlan.swift */ = {isa = PBXFileReference; lastKnownFileType = sourcecode.swift; path = OperationPlan.swift; sourceTree = "<group>"; };
		B00000000000000000000015 /* AgentAdapter.swift */ = {isa = PBXFileReference; lastKnownFileType = sourcecode.swift; path = AgentAdapter.swift; sourceTree = "<group>"; };
		B00000000000000000000016 /* ClaudeAdapter.swift */ = {isa = PBXFileReference; lastKnownFileType = sourcecode.swift; path = ClaudeAdapter.swift; sourceTree = "<group>"; };
		B00000000000000000000017 /* CodexAdapter.swift */ = {isa = PBXFileReference; lastKnownFileType = sourcecode.swift; path = CodexAdapter.swift; sourceTree = "<group>"; };
		B00000000000000000000018 /* HostConnectionFactory.swift */ = {isa = PBXFileReference; lastKnownFileType = sourcecode.swift; path = HostConnectionFactory.swift; sourceTree = "<group>"; };
		B00000000000000000000019 /* HostSession.swift */ = {isa = PBXFileReference; lastKnownFileType = sourcecode.swift; path = HostSession.swift; sourceTree = "<group>"; };
		B00000000000000000000020 /* OperationApproval.swift */ = {isa = PBXFileReference; lastKnownFileType = sourcecode.swift; path = OperationApproval.swift; sourceTree = "<group>"; };
		B00000000000000000000021 /* AgentAdapterRegistry.swift */ = {isa = PBXFileReference; lastKnownFileType = sourcecode.swift; path = AgentAdapterRegistry.swift; sourceTree = "<group>"; };
		B00000000000000000000022 /* KitroomClock.swift */ = {isa = PBXFileReference; lastKnownFileType = sourcecode.swift; path = KitroomClock.swift; sourceTree = "<group>"; };
		B00000000000000000000023 /* KitroomPersistence.swift */ = {isa = PBXFileReference; lastKnownFileType = sourcecode.swift; path = KitroomPersistence.swift; sourceTree = "<group>"; };
		B00000000000000000000024 /* KitroomLogging.swift */ = {isa = PBXFileReference; lastKnownFileType = sourcecode.swift; path = KitroomLogging.swift; sourceTree = "<group>"; };
		B00000000000000000000025 /* OperationApprovalStore.swift */ = {isa = PBXFileReference; lastKnownFileType = sourcecode.swift; path = OperationApprovalStore.swift; sourceTree = "<group>"; };
		B00000000000000000000026 /* ProcessExecutor.swift */ = {isa = PBXFileReference; lastKnownFileType = sourcecode.swift; path = ProcessExecutor.swift; sourceTree = "<group>"; };
		B00000000000000000000027 /* HostDiscovery.swift */ = {isa = PBXFileReference; lastKnownFileType = sourcecode.swift; path = HostDiscovery.swift; sourceTree = "<group>"; };
		B00000000000000000000028 /* HostDiscoveryService.swift */ = {isa = PBXFileReference; lastKnownFileType = sourcecode.swift; path = HostDiscoveryService.swift; sourceTree = "<group>"; };
		B00000000000000000000029 /* LocalHostSession.swift */ = {isa = PBXFileReference; lastKnownFileType = sourcecode.swift; path = LocalHostSession.swift; sourceTree = "<group>"; };
		B00000000000000000000030 /* RemoteCommandEncoder.swift */ = {isa = PBXFileReference; lastKnownFileType = sourcecode.swift; path = RemoteCommandEncoder.swift; sourceTree = "<group>"; };
		B00000000000000000000031 /* SSHConfigurationResolver.swift */ = {isa = PBXFileReference; lastKnownFileType = sourcecode.swift; path = SSHConfigurationResolver.swift; sourceTree = "<group>"; };
		B00000000000000000000032 /* SSHHostSession.swift */ = {isa = PBXFileReference; lastKnownFileType = sourcecode.swift; path = SSHHostSession.swift; sourceTree = "<group>"; };
		B00000000000000000000033 /* AdapterCapabilityReport.swift */ = {isa = PBXFileReference; lastKnownFileType = sourcecode.swift; path = AdapterCapabilityReport.swift; sourceTree = "<group>"; };
		B00000000000000000000034 /* ExtensionInventory.swift */ = {isa = PBXFileReference; lastKnownFileType = sourcecode.swift; path = ExtensionInventory.swift; sourceTree = "<group>"; };
		B00000000000000000000035 /* InventorySupport.swift */ = {isa = PBXFileReference; lastKnownFileType = sourcecode.swift; path = InventorySupport.swift; sourceTree = "<group>"; };
		B00000000000000000000036 /* ClaudeInventoryParser.swift */ = {isa = PBXFileReference; lastKnownFileType = sourcecode.swift; path = ClaudeInventoryParser.swift; sourceTree = "<group>"; };
		B00000000000000000000037 /* ClaudeMCPConfigurationParser.swift */ = {isa = PBXFileReference; lastKnownFileType = sourcecode.swift; path = ClaudeMCPConfigurationParser.swift; sourceTree = "<group>"; };
		B00000000000000000000038 /* CodexInventoryParser.swift */ = {isa = PBXFileReference; lastKnownFileType = sourcecode.swift; path = CodexInventoryParser.swift; sourceTree = "<group>"; };
		B00000000000000000000039 /* InventoryProductView.swift */ = {isa = PBXFileReference; lastKnownFileType = sourcecode.swift; path = InventoryProductView.swift; sourceTree = "<group>"; };
		B00000000000000000000040 /* InventoryPresentation.swift */ = {isa = PBXFileReference; lastKnownFileType = sourcecode.swift; path = InventoryPresentation.swift; sourceTree = "<group>"; };
		B00000000000000000000041 /* SwiftDataKitroomPersistence.swift */ = {isa = PBXFileReference; lastKnownFileType = sourcecode.swift; path = SwiftDataKitroomPersistence.swift; sourceTree = "<group>"; };
		B00000000000000000000042 /* DiagnosticReportBuilder.swift */ = {isa = PBXFileReference; lastKnownFileType = sourcecode.swift; path = DiagnosticReportBuilder.swift; sourceTree = "<group>"; };
		B00000000000000000000043 /* CatalogueProductView.swift */ = {isa = PBXFileReference; lastKnownFileType = sourcecode.swift; path = CatalogueProductView.swift; sourceTree = "<group>"; };
		B00000000000000000000044 /* CatalogueSnapshot.swift */ = {isa = PBXFileReference; lastKnownFileType = sourcecode.swift; path = CatalogueSnapshot.swift; sourceTree = "<group>"; };
		B00000000000000000000045 /* HostComparison.swift */ = {isa = PBXFileReference; lastKnownFileType = sourcecode.swift; path = HostComparison.swift; sourceTree = "<group>"; };
		B00000000000000000000046 /* CatalogueSupport.swift */ = {isa = PBXFileReference; lastKnownFileType = sourcecode.swift; path = CatalogueSupport.swift; sourceTree = "<group>"; };
/* End PBXFileReference section */

/* Begin PBXFrameworksBuildPhase section */
		E00000000000000000000003 /* Frameworks */ = {
			isa = PBXFrameworksBuildPhase;
			buildActionMask = 2147483647;
			files = (
				C00000000000000000000006 /* KitroomCore.framework in Frameworks */,
			);
			runOnlyForDeploymentPostprocessing = 0;
		};
		E00000000000000000000005 /* Frameworks */ = {
			isa = PBXFrameworksBuildPhase;
			buildActionMask = 2147483647;
			files = (
			);
			runOnlyForDeploymentPostprocessing = 0;
		};
/* End PBXFrameworksBuildPhase section */

/* Begin PBXGroup section */
		A00000000000000000000002 = {
			isa = PBXGroup;
			children = (
				A00000000000000000000004 /* Sources */,
				A00000000000000000000003 /* Products */,
			);
			sourceTree = "<group>";
		};
		A00000000000000000000003 /* Products */ = {
			isa = PBXGroup;
			children = (
				B00000000000000000000006 /* Kitroom.app */,
				B00000000000000000000007 /* KitroomCore.framework */,
			);
			name = Products;
			sourceTree = "<group>";
		};
		A00000000000000000000004 /* Sources */ = {
			isa = PBXGroup;
			children = (
				A00000000000000000000005 /* KitroomApp */,
				A00000000000000000000006 /* KitroomCore */,
			);
			path = Sources;
			sourceTree = "<group>";
		};
		A00000000000000000000005 /* KitroomApp */ = {
			isa = PBXGroup;
			children = (
				B00000000000000000000008 /* AppDependencies.swift */,
				B00000000000000000000004 /* AppSection.swift */,
				B00000000000000000000002 /* AppModel.swift */,
				B00000000000000000000043 /* CatalogueProductView.swift */,
				B00000000000000000000003 /* DashboardView.swift */,
				B00000000000000000000039 /* InventoryProductView.swift */,
				B00000000000000000000001 /* KitroomApp.swift */,
				B00000000000000000000005 /* Assets.xcassets */,
			);
			path = KitroomApp;
			sourceTree = "<group>";
		};
		A00000000000000000000006 /* KitroomCore */ = {
			isa = PBXGroup;
			children = (
				A00000000000000000000007 /* Domain */,
				A00000000000000000000008 /* Adapters */,
				A0000000000000000000000B /* Infrastructure */,
			);
			path = KitroomCore;
			sourceTree = "<group>";
		};
		A00000000000000000000007 /* Domain */ = {
			isa = PBXGroup;
			children = (
				B00000000000000000000033 /* AdapterCapabilityReport.swift */,
				B00000000000000000000010 /* AgentKind.swift */,
				B00000000000000000000044 /* CatalogueSnapshot.swift */,
				B00000000000000000000034 /* ExtensionInventory.swift */,
				B00000000000000000000027 /* HostDiscovery.swift */,
				B00000000000000000000045 /* HostComparison.swift */,
				B00000000000000000000040 /* InventoryPresentation.swift */,
				B00000000000000000000013 /* InventorySnapshot.swift */,
				B00000000000000000000012 /* ManagedHost.swift */,
				B00000000000000000000020 /* OperationApproval.swift */,
				B00000000000000000000014 /* OperationPlan.swift */,
			);
			path = Domain;
			sourceTree = "<group>";
		};
		A00000000000000000000008 /* Adapters */ = {
			isa = PBXGroup;
			children = (
				B00000000000000000000015 /* AgentAdapter.swift */,
				B00000000000000000000021 /* AgentAdapterRegistry.swift */,
				B00000000000000000000046 /* CatalogueSupport.swift */,
				B00000000000000000000035 /* InventorySupport.swift */,
				A00000000000000000000009 /* Claude */,
				A0000000000000000000000A /* Codex */,
			);
			path = Adapters;
			sourceTree = "<group>";
		};
		A00000000000000000000009 /* Claude */ = {
			isa = PBXGroup;
			children = (
				B00000000000000000000016 /* ClaudeAdapter.swift */,
				B00000000000000000000036 /* ClaudeInventoryParser.swift */,
				B00000000000000000000037 /* ClaudeMCPConfigurationParser.swift */,
			);
			path = Claude;
			sourceTree = "<group>";
		};
		A0000000000000000000000A /* Codex */ = {
			isa = PBXGroup;
			children = (
				B00000000000000000000017 /* CodexAdapter.swift */,
				B00000000000000000000038 /* CodexInventoryParser.swift */,
			);
			path = Codex;
			sourceTree = "<group>";
		};
		A0000000000000000000000B /* Infrastructure */ = {
			isa = PBXGroup;
			children = (
				B00000000000000000000018 /* HostConnectionFactory.swift */,
				B00000000000000000000028 /* HostDiscoveryService.swift */,
				B00000000000000000000019 /* HostSession.swift */,
				B00000000000000000000022 /* KitroomClock.swift */,
				B00000000000000000000024 /* KitroomLogging.swift */,
				B00000000000000000000023 /* KitroomPersistence.swift */,
				B00000000000000000000029 /* LocalHostSession.swift */,
				B00000000000000000000025 /* OperationApprovalStore.swift */,
				B00000000000000000000026 /* ProcessExecutor.swift */,
				B00000000000000000000030 /* RemoteCommandEncoder.swift */,
				B00000000000000000000031 /* SSHConfigurationResolver.swift */,
				B00000000000000000000032 /* SSHHostSession.swift */,
				B00000000000000000000041 /* SwiftDataKitroomPersistence.swift */,
				B00000000000000000000042 /* DiagnosticReportBuilder.swift */,
			);
			path = Infrastructure;
			sourceTree = "<group>";
		};
/* End PBXGroup section */

/* Begin PBXNativeTarget section */
		D00000000000000000000001 /* Kitroom */ = {
			isa = PBXNativeTarget;
			buildConfigurationList = G00000000000000000000002 /* Build configuration list for PBXNativeTarget "Kitroom" */;
			buildPhases = (
				E00000000000000000000001 /* Sources */,
				E00000000000000000000003 /* Frameworks */,
				E00000000000000000000002 /* Resources */,
				E00000000000000000000006 /* Embed Frameworks */,
			);
			buildRules = (
			);
			dependencies = (
				H00000000000000000000001 /* PBXTargetDependency */,
			);
			name = Kitroom;
			productName = Kitroom;
			productReference = B00000000000000000000006 /* Kitroom.app */;
			productType = "com.apple.product-type.application";
		};
		D00000000000000000000002 /* KitroomCore */ = {
			isa = PBXNativeTarget;
			buildConfigurationList = G00000000000000000000003 /* Build configuration list for PBXNativeTarget "KitroomCore" */;
			buildPhases = (
				E00000000000000000000004 /* Sources */,
				E00000000000000000000005 /* Frameworks */,
			);
			buildRules = (
			);
			dependencies = (
			);
			name = KitroomCore;
			productName = KitroomCore;
			productReference = B00000000000000000000007 /* KitroomCore.framework */;
			productType = "com.apple.product-type.framework";
		};
/* End PBXNativeTarget section */

/* Begin PBXProject section */
		A00000000000000000000001 /* Project object */ = {
			isa = PBXProject;
			attributes = {
				BuildIndependentTargetsInParallel = 1;
				LastSwiftUpdateCheck = 2660;
				LastUpgradeCheck = 2660;
				TargetAttributes = {
					D00000000000000000000001 = {
						CreatedOnToolsVersion = 26.0;
					};
					D00000000000000000000002 = {
						CreatedOnToolsVersion = 26.0;
					};
				};
			};
			buildConfigurationList = G00000000000000000000001 /* Build configuration list for PBXProject "Kitroom" */;
			compatibilityVersion = "Xcode 14.0";
			developmentRegion = en;
			hasScannedForEncodings = 0;
			knownRegions = (
				en,
				Base,
			);
			mainGroup = A00000000000000000000002;
			productRefGroup = A00000000000000000000003 /* Products */;
			projectDirPath = "";
			projectRoot = "";
			targets = (
				D00000000000000000000001 /* Kitroom */,
				D00000000000000000000002 /* KitroomCore */,
			);
		};
/* End PBXProject section */

/* Begin PBXResourcesBuildPhase section */
		E00000000000000000000002 /* Resources */ = {
			isa = PBXResourcesBuildPhase;
			buildActionMask = 2147483647;
			files = (
				C00000000000000000000005 /* Assets.xcassets in Resources */,
			);
			runOnlyForDeploymentPostprocessing = 0;
		};
/* End PBXResourcesBuildPhase section */

/* Begin PBXSourcesBuildPhase section */
		E00000000000000000000001 /* Sources */ = {
			isa = PBXSourcesBuildPhase;
			buildActionMask = 2147483647;
			files = (
				C00000000000000000000008 /* AppDependencies.swift in Sources */,
				C00000000000000000000004 /* AppSection.swift in Sources */,
				C00000000000000000000002 /* AppModel.swift in Sources */,
				C00000000000000000000043 /* CatalogueProductView.swift in Sources */,
				C00000000000000000000003 /* DashboardView.swift in Sources */,
				C00000000000000000000039 /* InventoryProductView.swift in Sources */,
				C00000000000000000000001 /* KitroomApp.swift in Sources */,
			);
			runOnlyForDeploymentPostprocessing = 0;
		};
		E00000000000000000000004 /* Sources */ = {
			isa = PBXSourcesBuildPhase;
			buildActionMask = 2147483647;
			files = (
				C00000000000000000000033 /* AdapterCapabilityReport.swift in Sources */,
				C00000000000000000000010 /* AgentKind.swift in Sources */,
				C00000000000000000000015 /* AgentAdapter.swift in Sources */,
				C00000000000000000000021 /* AgentAdapterRegistry.swift in Sources */,
				C00000000000000000000046 /* CatalogueSupport.swift in Sources */,
				C00000000000000000000044 /* CatalogueSnapshot.swift in Sources */,
				C00000000000000000000016 /* ClaudeAdapter.swift in Sources */,
				C00000000000000000000036 /* ClaudeInventoryParser.swift in Sources */,
				C00000000000000000000037 /* ClaudeMCPConfigurationParser.swift in Sources */,
				C00000000000000000000017 /* CodexAdapter.swift in Sources */,
				C00000000000000000000038 /* CodexInventoryParser.swift in Sources */,
				C00000000000000000000034 /* ExtensionInventory.swift in Sources */,
				C00000000000000000000040 /* InventoryPresentation.swift in Sources */,
				C00000000000000000000018 /* HostConnectionFactory.swift in Sources */,
				C00000000000000000000027 /* HostDiscovery.swift in Sources */,
				C00000000000000000000045 /* HostComparison.swift in Sources */,
				C00000000000000000000028 /* HostDiscoveryService.swift in Sources */,
				C00000000000000000000019 /* HostSession.swift in Sources */,
				C00000000000000000000013 /* InventorySnapshot.swift in Sources */,
				C00000000000000000000035 /* InventorySupport.swift in Sources */,
				C00000000000000000000022 /* KitroomClock.swift in Sources */,
				C00000000000000000000024 /* KitroomLogging.swift in Sources */,
				C00000000000000000000023 /* KitroomPersistence.swift in Sources */,
				C00000000000000000000029 /* LocalHostSession.swift in Sources */,
				C00000000000000000000012 /* ManagedHost.swift in Sources */,
				C00000000000000000000020 /* OperationApproval.swift in Sources */,
				C00000000000000000000025 /* OperationApprovalStore.swift in Sources */,
				C00000000000000000000014 /* OperationPlan.swift in Sources */,
				C00000000000000000000026 /* ProcessExecutor.swift in Sources */,
				C00000000000000000000030 /* RemoteCommandEncoder.swift in Sources */,
				C00000000000000000000031 /* SSHConfigurationResolver.swift in Sources */,
				C00000000000000000000032 /* SSHHostSession.swift in Sources */,
				C00000000000000000000041 /* SwiftDataKitroomPersistence.swift in Sources */,
				C00000000000000000000042 /* DiagnosticReportBuilder.swift in Sources */,
			);
			runOnlyForDeploymentPostprocessing = 0;
		};
/* End PBXSourcesBuildPhase section */

/* Begin PBXTargetDependency section */
		H00000000000000000000001 /* PBXTargetDependency */ = {
			isa = PBXTargetDependency;
			target = D00000000000000000000002 /* KitroomCore */;
			targetProxy = I00000000000000000000001 /* PBXContainerItemProxy */;
		};
/* End PBXTargetDependency section */

/* Begin XCBuildConfiguration section */
		F00000000000000000000001 /* Debug */ = {
			isa = XCBuildConfiguration;
			buildSettings = {
				ALWAYS_SEARCH_USER_PATHS = NO;
				CLANG_ANALYZER_NONNULL = YES;
				CLANG_ENABLE_MODULES = YES;
				CLANG_ENABLE_OBJC_ARC = YES;
				COPY_PHASE_STRIP = NO;
				DEBUG_INFORMATION_FORMAT = dwarf;
				ENABLE_TESTABILITY = YES;
				GCC_C_LANGUAGE_STANDARD = gnu17;
				GCC_NO_COMMON_BLOCKS = YES;
				GCC_OPTIMIZATION_LEVEL = 0;
				GCC_PREPROCESSOR_DEFINITIONS = (
					"DEBUG=1",
					"$(inherited)",
				);
				MACOSX_DEPLOYMENT_TARGET = 14.0;
				MTL_ENABLE_DEBUG_INFO = INCLUDE_SOURCE;
				ONLY_ACTIVE_ARCH = YES;
				SDKROOT = macosx;
				SWIFT_ACTIVE_COMPILATION_CONDITIONS = "DEBUG $(inherited)";
				SWIFT_OPTIMIZATION_LEVEL = "-Onone";
			};
			name = Debug;
		};
		F00000000000000000000002 /* Release */ = {
			isa = XCBuildConfiguration;
			buildSettings = {
				ALWAYS_SEARCH_USER_PATHS = NO;
				CLANG_ANALYZER_NONNULL = YES;
				CLANG_ENABLE_MODULES = YES;
				CLANG_ENABLE_OBJC_ARC = YES;
				COPY_PHASE_STRIP = YES;
				DEBUG_INFORMATION_FORMAT = "dwarf-with-dsym";
				GCC_C_LANGUAGE_STANDARD = gnu17;
				GCC_NO_COMMON_BLOCKS = YES;
				MACOSX_DEPLOYMENT_TARGET = 14.0;
				SDKROOT = macosx;
				SWIFT_COMPILATION_MODE = wholemodule;
			};
			name = Release;
		};
		F00000000000000000000003 /* Debug */ = {
			isa = XCBuildConfiguration;
			buildSettings = {
				ASSETCATALOG_COMPILER_ACCENT_COLOR_NAME = AccentColor;
				ASSETCATALOG_COMPILER_APPICON_NAME = AppIcon;
				CODE_SIGN_STYLE = Automatic;
				COMBINE_HIDPI_IMAGES = YES;
				CURRENT_PROJECT_VERSION = 1;
				ENABLE_HARDENED_RUNTIME = YES;
				ENABLE_PREVIEWS = YES;
				GENERATE_INFOPLIST_FILE = YES;
				INFOPLIST_KEY_CFBundleDisplayName = Kitroom;
				INFOPLIST_KEY_LSApplicationCategoryType = "public.app-category.developer-tools";
				LD_RUNPATH_SEARCH_PATHS = (
					"$(inherited)",
					"@executable_path/../Frameworks",
				);
				MARKETING_VERSION = 0.1.0;
				PRODUCT_BUNDLE_IDENTIFIER = com.l0cka.kitroom;
				PRODUCT_NAME = "$(TARGET_NAME)";
				SWIFT_EMIT_LOC_STRINGS = YES;
				SWIFT_VERSION = 6.0;
			};
			name = Debug;
		};
		F00000000000000000000004 /* Release */ = {
			isa = XCBuildConfiguration;
			buildSettings = {
				ASSETCATALOG_COMPILER_ACCENT_COLOR_NAME = AccentColor;
				ASSETCATALOG_COMPILER_APPICON_NAME = AppIcon;
				CODE_SIGN_STYLE = Automatic;
				COMBINE_HIDPI_IMAGES = YES;
				CURRENT_PROJECT_VERSION = 1;
				ENABLE_HARDENED_RUNTIME = YES;
				GENERATE_INFOPLIST_FILE = YES;
				INFOPLIST_KEY_CFBundleDisplayName = Kitroom;
				INFOPLIST_KEY_LSApplicationCategoryType = "public.app-category.developer-tools";
				LD_RUNPATH_SEARCH_PATHS = (
					"$(inherited)",
					"@executable_path/../Frameworks",
				);
				MARKETING_VERSION = 0.1.0;
				PRODUCT_BUNDLE_IDENTIFIER = com.l0cka.kitroom;
				PRODUCT_NAME = "$(TARGET_NAME)";
				SWIFT_EMIT_LOC_STRINGS = YES;
				SWIFT_VERSION = 6.0;
			};
			name = Release;
		};
		F00000000000000000000005 /* Debug */ = {
			isa = XCBuildConfiguration;
			buildSettings = {
				CODE_SIGN_STYLE = Automatic;
				COMBINE_HIDPI_IMAGES = YES;
				DEFINES_MODULE = YES;
				DYLIB_COMPATIBILITY_VERSION = 1;
				DYLIB_CURRENT_VERSION = 1;
				DYLIB_INSTALL_NAME_BASE = "@rpath";
				GENERATE_INFOPLIST_FILE = YES;
				INSTALL_PATH = "$(LOCAL_LIBRARY_DIR)/Frameworks";
				PRODUCT_BUNDLE_IDENTIFIER = com.l0cka.kitroom.core;
				PRODUCT_NAME = "$(TARGET_NAME)";
				SKIP_INSTALL = YES;
				SWIFT_VERSION = 6.0;
			};
			name = Debug;
		};
		F00000000000000000000006 /* Release */ = {
			isa = XCBuildConfiguration;
			buildSettings = {
				CODE_SIGN_STYLE = Automatic;
				COMBINE_HIDPI_IMAGES = YES;
				DEFINES_MODULE = YES;
				DYLIB_COMPATIBILITY_VERSION = 1;
				DYLIB_CURRENT_VERSION = 1;
				DYLIB_INSTALL_NAME_BASE = "@rpath";
				GENERATE_INFOPLIST_FILE = YES;
				INSTALL_PATH = "$(LOCAL_LIBRARY_DIR)/Frameworks";
				PRODUCT_BUNDLE_IDENTIFIER = com.l0cka.kitroom.core;
				PRODUCT_NAME = "$(TARGET_NAME)";
				SKIP_INSTALL = YES;
				SWIFT_VERSION = 6.0;
			};
			name = Release;
		};
		F00000000000000000000007 /* Test */ = {
			isa = XCBuildConfiguration;
			buildSettings = {
				ALWAYS_SEARCH_USER_PATHS = NO;
				CLANG_ANALYZER_NONNULL = YES;
				CLANG_ENABLE_MODULES = YES;
				CLANG_ENABLE_OBJC_ARC = YES;
				COPY_PHASE_STRIP = NO;
				DEBUG_INFORMATION_FORMAT = dwarf;
				ENABLE_TESTABILITY = YES;
				GCC_C_LANGUAGE_STANDARD = gnu17;
				GCC_NO_COMMON_BLOCKS = YES;
				GCC_OPTIMIZATION_LEVEL = 0;
				GCC_PREPROCESSOR_DEFINITIONS = (
					"DEBUG=1",
					"$(inherited)",
				);
				MACOSX_DEPLOYMENT_TARGET = 14.0;
				MTL_ENABLE_DEBUG_INFO = INCLUDE_SOURCE;
				ONLY_ACTIVE_ARCH = YES;
				SDKROOT = macosx;
				SWIFT_ACTIVE_COMPILATION_CONDITIONS = "DEBUG TEST $(inherited)";
				SWIFT_OPTIMIZATION_LEVEL = "-Onone";
			};
			name = Test;
		};
		F00000000000000000000008 /* Test */ = {
			isa = XCBuildConfiguration;
			buildSettings = {
				ASSETCATALOG_COMPILER_ACCENT_COLOR_NAME = AccentColor;
				ASSETCATALOG_COMPILER_APPICON_NAME = AppIcon;
				CODE_SIGN_STYLE = Automatic;
				COMBINE_HIDPI_IMAGES = YES;
				CURRENT_PROJECT_VERSION = 1;
				ENABLE_HARDENED_RUNTIME = YES;
				ENABLE_PREVIEWS = YES;
				GENERATE_INFOPLIST_FILE = YES;
				INFOPLIST_KEY_CFBundleDisplayName = Kitroom;
				INFOPLIST_KEY_LSApplicationCategoryType = "public.app-category.developer-tools";
				LD_RUNPATH_SEARCH_PATHS = (
					"$(inherited)",
					"@executable_path/../Frameworks",
				);
				MARKETING_VERSION = 0.1.0;
				PRODUCT_BUNDLE_IDENTIFIER = com.l0cka.kitroom;
				PRODUCT_NAME = "$(TARGET_NAME)";
				SWIFT_ACTIVE_COMPILATION_CONDITIONS = "TEST $(inherited)";
				SWIFT_EMIT_LOC_STRINGS = YES;
				SWIFT_VERSION = 6.0;
			};
			name = Test;
		};
		F00000000000000000000009 /* Test */ = {
			isa = XCBuildConfiguration;
			buildSettings = {
				CODE_SIGN_STYLE = Automatic;
				COMBINE_HIDPI_IMAGES = YES;
				DEFINES_MODULE = YES;
				DYLIB_COMPATIBILITY_VERSION = 1;
				DYLIB_CURRENT_VERSION = 1;
				DYLIB_INSTALL_NAME_BASE = "@rpath";
				GENERATE_INFOPLIST_FILE = YES;
				INSTALL_PATH = "$(LOCAL_LIBRARY_DIR)/Frameworks";
				PRODUCT_BUNDLE_IDENTIFIER = com.l0cka.kitroom.core;
				PRODUCT_NAME = "$(TARGET_NAME)";
				SKIP_INSTALL = YES;
				SWIFT_ACTIVE_COMPILATION_CONDITIONS = "TEST $(inherited)";
				SWIFT_VERSION = 6.0;
			};
			name = Test;
		};
/* End XCBuildConfiguration section */

/* Begin XCConfigurationList section */
		G00000000000000000000001 /* Build configuration list for PBXProject "Kitroom" */ = {
			isa = XCConfigurationList;
			buildConfigurations = (
				F00000000000000000000001 /* Debug */,
				F00000000000000000000007 /* Test */,
				F00000000000000000000002 /* Release */,
			);
			defaultConfigurationIsVisible = 0;
			defaultConfigurationName = Release;
		};
		G00000000000000000000002 /* Build configuration list for PBXNativeTarget "Kitroom" */ = {
			isa = XCConfigurationList;
			buildConfigurations = (
				F00000000000000000000003 /* Debug */,
				F00000000000000000000008 /* Test */,
				F00000000000000000000004 /* Release */,
			);
			defaultConfigurationIsVisible = 0;
			defaultConfigurationName = Release;
		};
		G00000000000000000000003 /* Build configuration list for PBXNativeTarget "KitroomCore" */ = {
			isa = XCConfigurationList;
			buildConfigurations = (
				F00000000000000000000005 /* Debug */,
				F00000000000000000000009 /* Test */,
				F00000000000000000000006 /* Release */,
			);
			defaultConfigurationIsVisible = 0;
			defaultConfigurationName = Release;
		};
/* End XCConfigurationList section */
	};
	rootObject = A00000000000000000000001 /* Project object */;
}
